
Microsoft Visual Studio Solution File, Format Version 12.00
# Visual Studio 15
VisualStudioVersion = 15.0.26730.3
MinimumVisualStudioVersion = 10.0.40219.1
Project("{2150E333-8FDC-42A3-9474-1A3956D46DE8}") = "SQL", "SQL", "{C6B5A6AF-C1F8-40F5-971F-5BD7DACD0143}"
EndProject
Project("{00D1A9C2-B5F0-4AF3-8072-F6C62B433612}") = "bCards", "bCards\bCards.sqlproj", "{59855315-A8AB-451C-A4CA-D1F1BFCF0E3E}"
EndProject
Project("{2150E333-8FDC-42A3-9474-1A3956D46DE8}") = "Patterns", "Patterns", "{B0161496-5532-49C8-85A0-9758F97D6B04}"
EndProject
Project("{2150E333-8FDC-42A3-9474-1A3956D46DE8}") = "Creational", "Creational", "{A0831E5F-D86A-4DFA-BDF2-1680E4B42B9D}"
EndProject
Project("{2150E333-8FDC-42A3-9474-1A3956D46DE8}") = "Structural", "Structural", "{37D2C284-063D-4F6E-B408-8D5A764C8FB8}"
EndProject
Project("{2150E333-8FDC-42A3-9474-1A3956D46DE8}") = "Behavioral", "Behavioral", "{591AFDFA-7EE2-4686-A716-3E7817669650}"
EndProject
Project("{FAE04EC0-301F-11D3-BF4B-00C04F79EFBC}") = "gEx.ex001_AbstractFactory", "gEx.ex001_AbstractFactory\gEx.ex001_AbstractFactory.csproj", "{3E1DC7B6-9B75-4632-90E2-A66CBCB44B86}"
EndProject
Project("{FAE04EC0-301F-11D3-BF4B-00C04F79EFBC}") = "gEx.ex002_Builder", "gEx.ex002_Builder\gEx.ex002_Builder.csproj", "{E898136B-3150-459E-98DF-770694CFEFD6}"
EndProject
Project("{FAE04EC0-301F-11D3-BF4B-00C04F79EFBC}") = "gEx.ex003_Factory Method", "gEx.ex002_Factory Method\gEx.ex003_Factory Method.csproj", "{062AE129-EAC9-4E04-8B48-A59C1BA44E0C}"
EndProject
Project("{FAE04EC0-301F-11D3-BF4B-00C04F79EFBC}") = "gEx.ex004_Prototype", "gEx.ex004_Prototype\gEx.ex004_Prototype.csproj", "{43C0FB3C-1524-4E4F-8B15-21E7138DD8B1}"
EndProject
Project("{FAE04EC0-301F-11D3-BF4B-00C04F79EFBC}") = "gEx.ex005_Singleton", "gEx.ex005_Singleton\gEx.ex005_Singleton.csproj", "{87B16745-5035-4EE5-80EA-976A6BB144E2}"
EndProject
Project("{FAE04EC0-301F-11D3-BF4B-00C04F79EFBC}") = "gEx.ex006_Adapter", "gEx.ex006_Adapter\gEx.ex006_Adapter.csproj", "{8949B2A8-C7C5-48D3-9225-DB4E7D4E654D}"
EndProject
Project("{FAE04EC0-301F-11D3-BF4B-00C04F79EFBC}") = "gEx.ex007_Bridge", "gEx.ex007_Bridge\gEx.ex007_Bridge.csproj", "{7579E7C7-E882-4DCE-A94A-09CFBAB31734}"
EndProject
Project("{FAE04EC0-301F-11D3-BF4B-00C04F79EFBC}") = "gEx.ex008_Composite", "gEx.ex008_Composite\gEx.ex008_Composite.csproj", "{1DCA4050-CE6E-4C9C-909A-8FAF9BBA2C16}"
EndProject
Project("{FAE04EC0-301F-11D3-BF4B-00C04F79EFBC}") = "gEx.ex009_Decorator", "gEx.ex009_Decorator\gEx.ex009_Decorator.csproj", "{61D32D25-FC13-4DF8-A0D4-D80B271CD0CB}"
EndProject
Project("{FAE04EC0-301F-11D3-BF4B-00C04F79EFBC}") = "gEx.ex010_Facade", "gEx.ex010_Facade\gEx.ex010_Facade.csproj", "{76C9C0BA-377D-439E-9D9A-BB4D1919F38E}"
EndProject
Project("{FAE04EC0-301F-11D3-BF4B-00C04F79EFBC}") = "gEx.ex011_Flyweight", "gEx.ex011_Flyweight\gEx.ex011_Flyweight.csproj", "{24FB18B1-2C53-49AA-BCD7-D1427C56D210}"
EndProject
Project("{FAE04EC0-301F-11D3-BF4B-00C04F79EFBC}") = "gEx.ex012_Proxy", "gEx.ex012_Proxy\gEx.ex012_Proxy.csproj", "{5F5D4087-D556-4948-957A-D2ACE24223EE}"
EndProject
Project("{FAE04EC0-301F-11D3-BF4B-00C04F79EFBC}") = "gEx.ex013_Chain of Responsibility", "gEx.ex013_Chain of Responsibility\gEx.ex013_Chain of Responsibility.csproj", "{C1211306-7F37-416A-A66A-D1A8ED48B966}"
EndProject
Project("{FAE04EC0-301F-11D3-BF4B-00C04F79EFBC}") = "gEx.ex014_Command", "gEx.ex014_Command\gEx.ex014_Command.csproj", "{F9F1D3A9-8265-43A2-8725-F9244AFBA0CB}"
EndProject
Project("{FAE04EC0-301F-11D3-BF4B-00C04F79EFBC}") = "gEx.ex015_Interpreter", "gEx.ex015_Interpreter\gEx.ex015_Interpreter.csproj", "{E4A55DB6-3B76-4AED-8543-5628B0E47F12}"
EndProject
Project("{FAE04EC0-301F-11D3-BF4B-00C04F79EFBC}") = "gEx.ex016_Iterator", "gEx.ex016_Iterator\gEx.ex016_Iterator.csproj", "{7C6BF95C-7F97-4339-A3FD-8B5D99803FC1}"
EndProject
Project("{FAE04EC0-301F-11D3-BF4B-00C04F79EFBC}") = "gEx.ex017_Mediator", "gEx.ex017_Mediator\gEx.ex017_Mediator.csproj", "{E009F93F-1078-4885-B6E9-C14765B3C310}"
EndProject
Project("{FAE04EC0-301F-11D3-BF4B-00C04F79EFBC}") = "gEx.ex018_Memento", "gEx.ex018_Memento\gEx.ex018_Memento.csproj", "{55428090-4219-4D2D-B1F7-BB17313AEAC1}"
EndProject
Project("{FAE04EC0-301F-11D3-BF4B-00C04F79EFBC}") = "gEx.ex019_Observer", "gEx.ex019_Observer\gEx.ex019_Observer.csproj", "{53ED49C1-8B9A-4D30-825A-1BE66933F362}"
EndProject
Project("{FAE04EC0-301F-11D3-BF4B-00C04F79EFBC}") = "gEx.ex020_State", "gEx.ex020_State\gEx.ex020_State.csproj", "{0A07F5A2-A295-4C02-8697-F20BD264C820}"
EndProject
Project("{FAE04EC0-301F-11D3-BF4B-00C04F79EFBC}") = "gEx.ex021_Strategy", "gEx.ex021_Strategy\gEx.ex021_Strategy.csproj", "{35296484-B034-4E3D-A8D2-A7DB9DD0DE88}"
EndProject
Project("{FAE04EC0-301F-11D3-BF4B-00C04F79EFBC}") = "gEx.ex022_Template Method", "gEx.ex022_Template Method\gEx.ex022_Template Method.csproj", "{2C04EF6A-3B7A-45F5-AFCE-FC41ABB4C95F}"
EndProject
Project("{FAE04EC0-301F-11D3-BF4B-00C04F79EFBC}") = "gEx.ex023_Visitor", "gEx.ex023_Visitor\gEx.ex023_Visitor.csproj", "{F33D3265-3698-4B39-9582-F3919C2AA30B}"
EndProject
Global
	GlobalSection(SolutionConfigurationPlatforms) = preSolution
		Debug|Any CPU = Debug|Any CPU
		Release|Any CPU = Release|Any CPU
	EndGlobalSection
	GlobalSection(ProjectConfigurationPlatforms) = postSolution
		{59855315-A8AB-451C-A4CA-D1F1BFCF0E3E}.Debug|Any CPU.ActiveCfg = Debug|Any CPU
		{59855315-A8AB-451C-A4CA-D1F1BFCF0E3E}.Debug|Any CPU.Build.0 = Debug|Any CPU
		{59855315-A8AB-451C-A4CA-D1F1BFCF0E3E}.Debug|Any CPU.Deploy.0 = Debug|Any CPU
		{59855315-A8AB-451C-A4CA-D1F1BFCF0E3E}.Release|Any CPU.ActiveCfg = Release|Any CPU
		{59855315-A8AB-451C-A4CA-D1F1BFCF0E3E}.Release|Any CPU.Build.0 = Release|Any CPU
		{59855315-A8AB-451C-A4CA-D1F1BFCF0E3E}.Release|Any CPU.Deploy.0 = Release|Any CPU
		{3E1DC7B6-9B75-4632-90E2-A66CBCB44B86}.Debug|Any CPU.ActiveCfg = Debug|Any CPU
		{3E1DC7B6-9B75-4632-90E2-A66CBCB44B86}.Debug|Any CPU.Build.0 = Debug|Any CPU
		{3E1DC7B6-9B75-4632-90E2-A66CBCB44B86}.Release|Any CPU.ActiveCfg = Release|Any CPU
		{3E1DC7B6-9B75-4632-90E2-A66CBCB44B86}.Release|Any CPU.Build.0 = Release|Any CPU
		{E898136B-3150-459E-98DF-770694CFEFD6}.Debug|Any CPU.ActiveCfg = Debug|Any CPU
		{E898136B-3150-459E-98DF-770694CFEFD6}.Debug|Any CPU.Build.0 = Debug|Any CPU
		{E898136B-3150-459E-98DF-770694CFEFD6}.Release|Any CPU.ActiveCfg = Release|Any CPU
		{E898136B-3150-459E-98DF-770694CFEFD6}.Release|Any CPU.Build.0 = Release|Any CPU
		{062AE129-EAC9-4E04-8B48-A59C1BA44E0C}.Debug|Any CPU.ActiveCfg = Debug|Any CPU
		{062AE129-EAC9-4E04-8B48-A59C1BA44E0C}.Debug|Any CPU.Build.0 = Debug|Any CPU
		{062AE129-EAC9-4E04-8B48-A59C1BA44E0C}.Release|Any CPU.ActiveCfg = Release|Any CPU
		{062AE129-EAC9-4E04-8B48-A59C1BA44E0C}.Release|Any CPU.Build.0 = Release|Any CPU
		{43C0FB3C-1524-4E4F-8B15-21E7138DD8B1}.Debug|Any CPU.ActiveCfg = Debug|Any CPU
		{43C0FB3C-1524-4E4F-8B15-21E7138DD8B1}.Debug|Any CPU.Build.0 = Debug|Any CPU
		{43C0FB3C-1524-4E4F-8B15-21E7138DD8B1}.Release|Any CPU.ActiveCfg = Release|Any CPU
		{43C0FB3C-1524-4E4F-8B15-21E7138DD8B1}.Release|Any CPU.Build.0 = Release|Any CPU
		{87B16745-5035-4EE5-80EA-976A6BB144E2}.Debug|Any CPU.ActiveCfg = Debug|Any CPU
		{87B16745-5035-4EE5-80EA-976A6BB144E2}.Debug|Any CPU.Build.0 = Debug|Any CPU
		{87B16745-5035-4EE5-80EA-976A6BB144E2}.Release|Any CPU.ActiveCfg = Release|Any CPU
		{87B16745-5035-4EE5-80EA-976A6BB144E2}.Release|Any CPU.Build.0 = Release|Any CPU
		{8949B2A8-C7C5-48D3-9225-DB4E7D4E654D}.Debug|Any CPU.ActiveCfg = Debug|Any CPU
		{8949B2A8-C7C5-48D3-9225-DB4E7D4E654D}.Debug|Any CPU.Build.0 = Debug|Any CPU
		{8949B2A8-C7C5-48D3-9225-DB4E7D4E654D}.Release|Any CPU.ActiveCfg = Release|Any CPU
		{8949B2A8-C7C5-48D3-9225-DB4E7D4E654D}.Release|Any CPU.Build.0 = Release|Any CPU
		{7579E7C7-E882-4DCE-A94A-09CFBAB31734}.Debug|Any CPU.ActiveCfg = Debug|Any CPU
		{7579E7C7-E882-4DCE-A94A-09CFBAB31734}.Debug|Any CPU.Build.0 = Debug|Any CPU
		{7579E7C7-E882-4DCE-A94A-09CFBAB31734}.Release|Any CPU.ActiveCfg = Release|Any CPU
		{7579E7C7-E882-4DCE-A94A-09CFBAB31734}.Release|Any CPU.Build.0 = Release|Any CPU
		{1DCA4050-CE6E-4C9C-909A-8FAF9BBA2C16}.Debug|Any CPU.ActiveCfg = Debug|Any CPU
		{1DCA4050-CE6E-4C9C-909A-8FAF9BBA2C16}.Debug|Any CPU.Build.0 = Debug|Any CPU
		{1DCA4050-CE6E-4C9C-909A-8FAF9BBA2C16}.Release|Any CPU.ActiveCfg = Release|Any CPU
		{1DCA4050-CE6E-4C9C-909A-8FAF9BBA2C16}.Release|Any CPU.Build.0 = Release|Any CPU
		{61D32D25-FC13-4DF8-A0D4-D80B271CD0CB}.Debug|Any CPU.ActiveCfg = Debug|Any CPU
		{61D32D25-FC13-4DF8-A0D4-D80B271CD0CB}.Debug|Any CPU.Build.0 = Debug|Any CPU
		{61D32D25-FC13-4DF8-A0D4-D80B271CD0CB}.Release|Any CPU.ActiveCfg = Release|Any CPU
		{61D32D25-FC13-4DF8-A0D4-D80B271CD0CB}.Release|Any CPU.Build.0 = Release|Any CPU
		{76C9C0BA-377D-439E-9D9A-BB4D1919F38E}.Debug|Any CPU.ActiveCfg = Debug|Any CPU
		{76C9C0BA-377D-439E-9D9A-BB4D1919F38E}.Debug|Any CPU.Build.0 = Debug|Any CPU
		{76C9C0BA-377D-439E-9D9A-BB4D1919F38E}.Release|Any CPU.ActiveCfg = Release|Any CPU
		{76C9C0BA-377D-439E-9D9A-BB4D1919F38E}.Release|Any CPU.Build.0 = Release|Any CPU
		{24FB18B1-2C53-49AA-BCD7-D1427C56D210}.Debug|Any CPU.ActiveCfg = Debug|Any CPU
		{24FB18B1-2C53-49AA-BCD7-D1427C56D210}.Debug|Any CPU.Build.0 = Debug|Any CPU
		{24FB18B1-2C53-49AA-BCD7-D1427C56D210}.Release|Any CPU.ActiveCfg = Release|Any CPU
		{24FB18B1-2C53-49AA-BCD7-D1427C56D210}.Release|Any CPU.Build.0 = Release|Any CPU
		{5F5D4087-D556-4948-957A-D2ACE24223EE}.Debug|Any CPU.ActiveCfg = Debug|Any CPU
		{5F5D4087-D556-4948-957A-D2ACE24223EE}.Debug|Any CPU.Build.0 = Debug|Any CPU
		{5F5D4087-D556-4948-957A-D2ACE24223EE}.Release|Any CPU.ActiveCfg = Release|Any CPU
		{5F5D4087-D556-4948-957A-D2ACE24223EE}.Release|Any CPU.Build.0 = Release|Any CPU
		{C1211306-7F37-416A-A66A-D1A8ED48B966}.Debug|Any CPU.ActiveCfg = Debug|Any CPU
		{C1211306-7F37-416A-A66A-D1A8ED48B966}.Debug|Any CPU.Build.0 = Debug|Any CPU
		{C1211306-7F37-416A-A66A-D1A8ED48B966}.Release|Any CPU.ActiveCfg = Release|Any CPU
		{C1211306-7F37-416A-A66A-D1A8ED48B966}.Release|Any CPU.Build.0 = Release|Any CPU
		{F9F1D3A9-8265-43A2-8725-F9244AFBA0CB}.Debug|Any CPU.ActiveCfg = Debug|Any CPU
		{F9F1D3A9-8265-43A2-8725-F9244AFBA0CB}.Debug|Any CPU.Build.0 = Debug|Any CPU
		{F9F1D3A9-8265-43A2-8725-F9244AFBA0CB}.Release|Any CPU.ActiveCfg = Release|Any CPU
		{F9F1D3A9-8265-43A2-8725-F9244AFBA0CB}.Release|Any CPU.Build.0 = Release|Any CPU
		{E4A55DB6-3B76-4AED-8543-5628B0E47F12}.Debug|Any CPU.ActiveCfg = Debug|Any CPU
		{E4A55DB6-3B76-4AED-8543-5628B0E47F12}.Debug|Any CPU.Build.0 = Debug|Any CPU
		{E4A55DB6-3B76-4AED-8543-5628B0E47F12}.Release|Any CPU.ActiveCfg = Release|Any CPU
		{E4A55DB6-3B76-4AED-8543-5628B0E47F12}.Release|Any CPU.Build.0 = Release|Any CPU
		{7C6BF95C-7F97-4339-A3FD-8B5D99803FC1}.Debug|Any CPU.ActiveCfg = Debug|Any CPU
		{7C6BF95C-7F97-4339-A3FD-8B5D99803FC1}.Debug|Any CPU.Build.0 = Debug|Any CPU
		{7C6BF95C-7F97-4339-A3FD-8B5D99803FC1}.Release|Any CPU.ActiveCfg = Release|Any CPU
		{7C6BF95C-7F97-4339-A3FD-8B5D99803FC1}.Release|Any CPU.Build.0 = Release|Any CPU
		{E009F93F-1078-4885-B6E9-C14765B3C310}.Debug|Any CPU.ActiveCfg = Debug|Any CPU
		{E009F93F-1078-4885-B6E9-C14765B3C310}.Debug|Any CPU.Build.0 = Debug|Any CPU
		{E009F93F-1078-4885-B6E9-C14765B3C310}.Release|Any CPU.ActiveCfg = Release|Any CPU
		{E009F93F-1078-4885-B6E9-C14765B3C310}.Release|Any CPU.Build.0 = Release|Any CPU
		{55428090-4219-4D2D-B1F7-BB17313AEAC1}.Debug|Any CPU.ActiveCfg = Debug|Any CPU
		{55428090-4219-4D2D-B1F7-BB17313AEAC1}.Debug|Any CPU.Build.0 = Debug|Any CPU
		{55428090-4219-4D2D-B1F7-BB17313AEAC1}.Release|Any CPU.ActiveCfg = Release|Any CPU
		{55428090-4219-4D2D-B1F7-BB17313AEAC1}.Release|Any CPU.Build.0 = Release|Any CPU
		{53ED49C1-8B9A-4D30-825A-1BE66933F362}.Debug|Any CPU.ActiveCfg = Debug|Any CPU
		{53ED49C1-8B9A-4D30-825A-1BE66933F362}.Debug|Any CPU.Build.0 = Debug|Any CPU
		{53ED49C1-8B9A-4D30-825A-1BE66933F362}.Release|Any CPU.ActiveCfg = Release|Any CPU
		{53ED49C1-8B9A-4D30-825A-1BE66933F362}.Release|Any CPU.Build.0 = Release|Any CPU
		{0A07F5A2-A295-4C02-8697-F20BD264C820}.Debug|Any CPU.ActiveCfg = Debug|Any CPU
		{0A07F5A2-A295-4C02-8697-F20BD264C820}.Debug|Any CPU.Build.0 = Debug|Any CPU
		{0A07F5A2-A295-4C02-8697-F20BD264C820}.Release|Any CPU.ActiveCfg = Release|Any CPU
		{0A07F5A2-A295-4C02-8697-F20BD264C820}.Release|Any CPU.Build.0 = Release|Any CPU
		{35296484-B034-4E3D-A8D2-A7DB9DD0DE88}.Debug|Any CPU.ActiveCfg = Debug|Any CPU
		{35296484-B034-4E3D-A8D2-A7DB9DD0DE88}.Debug|Any CPU.Build.0 = Debug|Any CPU
		{35296484-B034-4E3D-A8D2-A7DB9DD0DE88}.Release|Any CPU.ActiveCfg = Release|Any CPU
		{35296484-B034-4E3D-A8D2-A7DB9DD0DE88}.Release|Any CPU.Build.0 = Release|Any CPU
		{2C04EF6A-3B7A-45F5-AFCE-FC41ABB4C95F}.Debug|Any CPU.ActiveCfg = Debug|Any CPU
		{2C04EF6A-3B7A-45F5-AFCE-FC41ABB4C95F}.Debug|Any CPU.Build.0 = Debug|Any CPU
		{2C04EF6A-3B7A-45F5-AFCE-FC41ABB4C95F}.Release|Any CPU.ActiveCfg = Release|Any CPU
		{2C04EF6A-3B7A-45F5-AFCE-FC41ABB4C95F}.Release|Any CPU.Build.0 = Release|Any CPU
		{F33D3265-3698-4B39-9582-F3919C2AA30B}.Debug|Any CPU.ActiveCfg = Debug|Any CPU
		{F33D3265-3698-4B39-9582-F3919C2AA30B}.Debug|Any CPU.Build.0 = Debug|Any CPU
		{F33D3265-3698-4B39-9582-F3919C2AA30B}.Release|Any CPU.ActiveCfg = Release|Any CPU
		{F33D3265-3698-4B39-9582-F3919C2AA30B}.Release|Any CPU.Build.0 = Release|Any CPU
	EndGlobalSection
	GlobalSection(SolutionProperties) = preSolution
		HideSolutionNode = FALSE
	EndGlobalSection
	GlobalSection(NestedProjects) = preSolution
		{59855315-A8AB-451C-A4CA-D1F1BFCF0E3E} = {C6B5A6AF-C1F8-40F5-971F-5BD7DACD0143}
		{A0831E5F-D86A-4DFA-BDF2-1680E4B42B9D} = {B0161496-5532-49C8-85A0-9758F97D6B04}
		{37D2C284-063D-4F6E-B408-8D5A764C8FB8} = {B0161496-5532-49C8-85A0-9758F97D6B04}
		{591AFDFA-7EE2-4686-A716-3E7817669650} = {B0161496-5532-49C8-85A0-9758F97D6B04}
		{3E1DC7B6-9B75-4632-90E2-A66CBCB44B86} = {A0831E5F-D86A-4DFA-BDF2-1680E4B42B9D}
		{E898136B-3150-459E-98DF-770694CFEFD6} = {A0831E5F-D86A-4DFA-BDF2-1680E4B42B9D}
		{062AE129-EAC9-4E04-8B48-A59C1BA44E0C} = {A0831E5F-D86A-4DFA-BDF2-1680E4B42B9D}
		{43C0FB3C-1524-4E4F-8B15-21E7138DD8B1} = {A0831E5F-D86A-4DFA-BDF2-1680E4B42B9D}
		{87B16745-5035-4EE5-80EA-976A6BB144E2} = {A0831E5F-D86A-4DFA-BDF2-1680E4B42B9D}
		{8949B2A8-C7C5-48D3-9225-DB4E7D4E654D} = {37D2C284-063D-4F6E-B408-8D5A764C8FB8}
		{7579E7C7-E882-4DCE-A94A-09CFBAB31734} = {37D2C284-063D-4F6E-B408-8D5A764C8FB8}
		{1DCA4050-CE6E-4C9C-909A-8FAF9BBA2C16} = {37D2C284-063D-4F6E-B408-8D5A764C8FB8}
		{61D32D25-FC13-4DF8-A0D4-D80B271CD0CB} = {37D2C284-063D-4F6E-B408-8D5A764C8FB8}
		{76C9C0BA-377D-439E-9D9A-BB4D1919F38E} = {37D2C284-063D-4F6E-B408-8D5A764C8FB8}
		{24FB18B1-2C53-49AA-BCD7-D1427C56D210} = {37D2C284-063D-4F6E-B408-8D5A764C8FB8}
		{5F5D4087-D556-4948-957A-D2ACE24223EE} = {37D2C284-063D-4F6E-B408-8D5A764C8FB8}
		{C1211306-7F37-416A-A66A-D1A8ED48B966} = {591AFDFA-7EE2-4686-A716-3E7817669650}
		{F9F1D3A9-8265-43A2-8725-F9244AFBA0CB} = {591AFDFA-7EE2-4686-A716-3E7817669650}
		{E4A55DB6-3B76-4AED-8543-5628B0E47F12} = {591AFDFA-7EE2-4686-A716-3E7817669650}
		{7C6BF95C-7F97-4339-A3FD-8B5D99803FC1} = {591AFDFA-7EE2-4686-A716-3E7817669650}
		{E009F93F-1078-4885-B6E9-C14765B3C310} = {591AFDFA-7EE2-4686-A716-3E7817669650}
		{55428090-4219-4D2D-B1F7-BB17313AEAC1} = {591AFDFA-7EE2-4686-A716-3E7817669650}
		{53ED49C1-8B9A-4D30-825A-1BE66933F362} = {591AFDFA-7EE2-4686-A716-3E7817669650}
		{0A07F5A2-A295-4C02-8697-F20BD264C820} = {591AFDFA-7EE2-4686-A716-3E7817669650}
		{35296484-B034-4E3D-A8D2-A7DB9DD0DE88} = {591AFDFA-7EE2-4686-A716-3E7817669650}
		{2C04EF6A-3B7A-45F5-AFCE-FC41ABB4C95F} = {591AFDFA-7EE2-4686-A716-3E7817669650}
		{F33D3265-3698-4B39-9582-F3919C2AA30B} = {591AFDFA-7EE2-4686-A716-3E7817669650}
	EndGlobalSection
	GlobalSection(ExtensibilityGlobals) = postSolution
		SolutionGuid = {5B6BE444-8CE1-4400-9F65-3E0EFCB3DFC1}
	EndGlobalSection
EndGlobal
